{
  "requires": true,
  "lockfileVersion": 1,
  "dependencies": {
    "material-design-icons-iconfont": {
      "version": "4.0.3",
      "resolved": "https://registry.npmjs.org/material-design-icons-iconfont/-/material-design-icons-iconfont-4.0.3.tgz",
      "integrity": "sha512-AB0MlNhhEm4W3M/kejsjZkLUq/HenHJ8fq5TXa7cpnXg8IXWLzO5MCBWTokk8eQ447EbbQnCqUP+xQnVCZ2SZg=="
    },
    "vuetify": {
      "version": "1.4.0-beta.0",
      "resolved": "https://registry.npmjs.org/vuetify/-/vuetify-1.4.0-beta.0.tgz",
      "integrity": "sha512-9f5gaDdrMqDn5QA6OBIvRhuBpYDb6y4WN5koF+0sXeT9s8/gRRW7QfTGpU8zcKlsE/dXtWkkUT/h7Bn6IUVU1g=="
    }
  }
}
